
Microsoft Visual Studio Solution File, Format Version 12.00
# Visual Studio Version 17
VisualStudioVersion = 17.4.33213.308
MinimumVisualStudioVersion = 10.0.40219.1
Project("{FAE04EC0-301F-11D3-BF4B-00C04F79EFBC}") = "Mc2.CrudTest.AcceptanceTests", "Mc2.CrudTest.AcceptanceTests\Mc2.CrudTest.AcceptanceTests.csproj", "{6776DF76-1054-486C-A79A-57100C47032F}"
EndProject
Project("{FAE04EC0-301F-11D3-BF4B-00C04F79EFBC}") = "Communal", "src\Communal\Communal.csproj", "{246F3643-B011-4F2E-8914-096BDC510367}"
EndProject
Project("{FAE04EC0-301F-11D3-BF4B-00C04F79EFBC}") = "Contracts", "src\Contracts\Contracts.csproj", "{7BE6D179-FDFD-44A5-A3E6-DA36F8BFA8B5}"
EndProject
Project("{FAE04EC0-301F-11D3-BF4B-00C04F79EFBC}") = "CustomerService", "src\Services\CustomerService\CustomerService.csproj", "{2F01A30F-76AB-4CC1-883C-1BA8C80D2D01}"
EndProject
Global
	GlobalSection(SolutionConfigurationPlatforms) = preSolution
		Debug|Any CPU = Debug|Any CPU
		Release|Any CPU = Release|Any CPU
	EndGlobalSection
	GlobalSection(ProjectConfigurationPlatforms) = postSolution
		{6776DF76-1054-486C-A79A-57100C47032F}.Debug|Any CPU.ActiveCfg = Debug|Any CPU
		{6776DF76-1054-486C-A79A-57100C47032F}.Debug|Any CPU.Build.0 = Debug|Any CPU
		{6776DF76-1054-486C-A79A-57100C47032F}.Release|Any CPU.ActiveCfg = Release|Any CPU
		{6776DF76-1054-486C-A79A-57100C47032F}.Release|Any CPU.Build.0 = Release|Any CPU
		{246F3643-B011-4F2E-8914-096BDC510367}.Debug|Any CPU.ActiveCfg = Debug|Any CPU
		{246F3643-B011-4F2E-8914-096BDC510367}.Debug|Any CPU.Build.0 = Debug|Any CPU
		{246F3643-B011-4F2E-8914-096BDC510367}.Release|Any CPU.ActiveCfg = Release|Any CPU
		{246F3643-B011-4F2E-8914-096BDC510367}.Release|Any CPU.Build.0 = Release|Any CPU
		{7BE6D179-FDFD-44A5-A3E6-DA36F8BFA8B5}.Debug|Any CPU.ActiveCfg = Debug|Any CPU
		{7BE6D179-FDFD-44A5-A3E6-DA36F8BFA8B5}.Debug|Any CPU.Build.0 = Debug|Any CPU
		{7BE6D179-FDFD-44A5-A3E6-DA36F8BFA8B5}.Release|Any CPU.ActiveCfg = Release|Any CPU
		{7BE6D179-FDFD-44A5-A3E6-DA36F8BFA8B5}.Release|Any CPU.Build.0 = Release|Any CPU
		{2F01A30F-76AB-4CC1-883C-1BA8C80D2D01}.Debug|Any CPU.ActiveCfg = Debug|Any CPU
		{2F01A30F-76AB-4CC1-883C-1BA8C80D2D01}.Debug|Any CPU.Build.0 = Debug|Any CPU
		{2F01A30F-76AB-4CC1-883C-1BA8C80D2D01}.Release|Any CPU.ActiveCfg = Release|Any CPU
		{2F01A30F-76AB-4CC1-883C-1BA8C80D2D01}.Release|Any CPU.Build.0 = Release|Any CPU
	EndGlobalSection
	GlobalSection(SolutionProperties) = preSolution
		HideSolutionNode = FALSE
	EndGlobalSection
	GlobalSection(ExtensibilityGlobals) = postSolution
		SolutionGuid = {4B5A26C9-68C1-49D9-9F32-AF907A1730C2}
	EndGlobalSection
EndGlobal
